
Microsoft Visual Studio Solution File, Format Version 12.00
# Visual Studio Version 17
VisualStudioVersion = 17.5.002.0
MinimumVisualStudioVersion = 10.0.40219.1
Project("{9A19103F-16F7-4668-BE54-9A1E7A4F7556}") = "NebimIntegration", "NebimIntegration.csproj", "{B322D367-4115-4B2B-B075-68F3C0AB8E5A}"
EndProject
Global
	GlobalSection(SolutionConfigurationPlatforms) = preSolution
		Debug|Any CPU = Debug|Any CPU
		Release|Any CPU = Release|Any CPU
	EndGlobalSection
	GlobalSection(ProjectConfigurationPlatforms) = postSolution
		{B322D367-4115-4B2B-B075-68F3C0AB8E5A}.Debug|Any CPU.ActiveCfg = Debug|Any CPU
		{B322D367-4115-4B2B-B075-68F3C0AB8E5A}.Debug|Any CPU.Build.0 = Debug|Any CPU
		{B322D367-4115-4B2B-B075-68F3C0AB8E5A}.Release|Any CPU.ActiveCfg = Release|Any CPU
		{B322D367-4115-4B2B-B075-68F3C0AB8E5A}.Release|Any CPU.Build.0 = Release|Any CPU
	EndGlobalSection
	GlobalSection(SolutionProperties) = preSolution
		HideSolutionNode = FALSE
	EndGlobalSection
	GlobalSection(ExtensibilityGlobals) = postSolution
		SolutionGuid = {B80D9862-9A83-4CC5-84D9-D6165E3A83AE}
	EndGlobalSection
EndGlobal
